{
  "name": "js_tutorial",
  "lockfileVersion": 3,
  "requires": true,
  "packages": {
    "": {
      "dependencies": {
        "jfcm-palindrome": "^0.1.0"
      }
    },
    "node_modules/jfcm-palindrome": {
      "version": "0.1.0",
      "resolved": "https://registry.npmjs.org/jfcm-palindrome/-/jfcm-palindrome-0.1.0.tgz",
      "integrity": "sha512-qTf9Kq51kNM0ocHdSNL28iqPRyM6f/8wh5Mgfo7C3qXSv3DNq1TRatgfcWJBeYYCFdgZz8GWohWFq9MoUSpcTA==",
      "license": "ISC"
    }
  }
}
